
Microsoft Visual Studio Solution File, Format Version 12.00
# Visual Studio Version 16
VisualStudioVersion = 16.0.28803.156
MinimumVisualStudioVersion = 10.0.40219.1
Project("{8BC9CEB8-8B4A-11D0-8D11-00A0C91BC942}") = "test_harness", "test_harness\test_harness.vcxproj", "{D7247E3A-84D4-4D89-A341-F5829CAB93A4}"
EndProject
Project("{8BC9CEB8-8B4A-11D0-8D11-00A0C91BC942}") = "Dll_ONE", "Dll_ONE\Dll_ONE.vcxproj", "{F820369C-58BF-46D1-A6D8-8FA87E6AA34B}"
EndProject
Project("{8BC9CEB8-8B4A-11D0-8D11-00A0C91BC942}") = "Dll_TWO", "Dll_TWO\Dll_TWO.vcxproj", "{15B1628C-E175-4289-8596-BB465327DC22}"
EndProject
Project("{8BC9CEB8-8B4A-11D0-8D11-00A0C91BC942}") = "Dll_THREE", "Dll_THREE\Dll_THREE.vcxproj", "{FF364D6F-13AC-44AC-9CF9-6CBEAD33EBEC}"
EndProject
Project("{8BC9CEB8-8B4A-11D0-8D11-00A0C91BC942}") = "Dll_TWO_new", "Dll_TWO_new\Dll_TWO_new.vcxproj", "{BFA95524-49B3-4B22-9F1A-5CD7DF4EB2A7}"
EndProject
Global
	GlobalSection(SolutionConfigurationPlatforms) = preSolution
		Debug|x64 = Debug|x64
		Debug|x86 = Debug|x86
		Release|x64 = Release|x64
		Release|x86 = Release|x86
	EndGlobalSection
	GlobalSection(ProjectConfigurationPlatforms) = postSolution
		{D7247E3A-84D4-4D89-A341-F5829CAB93A4}.Debug|x64.ActiveCfg = Debug|x64
		{D7247E3A-84D4-4D89-A341-F5829CAB93A4}.Debug|x64.Build.0 = Debug|x64
		{D7247E3A-84D4-4D89-A341-F5829CAB93A4}.Debug|x86.ActiveCfg = Debug|Win32
		{D7247E3A-84D4-4D89-A341-F5829CAB93A4}.Debug|x86.Build.0 = Debug|Win32
		{D7247E3A-84D4-4D89-A341-F5829CAB93A4}.Release|x64.ActiveCfg = Release|x64
		{D7247E3A-84D4-4D89-A341-F5829CAB93A4}.Release|x64.Build.0 = Release|x64
		{D7247E3A-84D4-4D89-A341-F5829CAB93A4}.Release|x86.ActiveCfg = Release|Win32
		{D7247E3A-84D4-4D89-A341-F5829CAB93A4}.Release|x86.Build.0 = Release|Win32
		{F820369C-58BF-46D1-A6D8-8FA87E6AA34B}.Debug|x64.ActiveCfg = Debug|x64
		{F820369C-58BF-46D1-A6D8-8FA87E6AA34B}.Debug|x64.Build.0 = Debug|x64
		{F820369C-58BF-46D1-A6D8-8FA87E6AA34B}.Debug|x86.ActiveCfg = Debug|Win32
		{F820369C-58BF-46D1-A6D8-8FA87E6AA34B}.Debug|x86.Build.0 = Debug|Win32
		{F820369C-58BF-46D1-A6D8-8FA87E6AA34B}.Release|x64.ActiveCfg = Release|x64
		{F820369C-58BF-46D1-A6D8-8FA87E6AA34B}.Release|x64.Build.0 = Release|x64
		{F820369C-58BF-46D1-A6D8-8FA87E6AA34B}.Release|x86.ActiveCfg = Release|Win32
		{F820369C-58BF-46D1-A6D8-8FA87E6AA34B}.Release|x86.Build.0 = Release|Win32
		{15B1628C-E175-4289-8596-BB465327DC22}.Debug|x64.ActiveCfg = Debug|x64
		{15B1628C-E175-4289-8596-BB465327DC22}.Debug|x64.Build.0 = Debug|x64
		{15B1628C-E175-4289-8596-BB465327DC22}.Debug|x86.ActiveCfg = Debug|Win32
		{15B1628C-E175-4289-8596-BB465327DC22}.Debug|x86.Build.0 = Debug|Win32
		{15B1628C-E175-4289-8596-BB465327DC22}.Release|x64.ActiveCfg = Release|x64
		{15B1628C-E175-4289-8596-BB465327DC22}.Release|x64.Build.0 = Release|x64
		{15B1628C-E175-4289-8596-BB465327DC22}.Release|x86.ActiveCfg = Release|Win32
		{15B1628C-E175-4289-8596-BB465327DC22}.Release|x86.Build.0 = Release|Win32
		{FF364D6F-13AC-44AC-9CF9-6CBEAD33EBEC}.Debug|x64.ActiveCfg = Debug|x64
		{FF364D6F-13AC-44AC-9CF9-6CBEAD33EBEC}.Debug|x64.Build.0 = Debug|x64
		{FF364D6F-13AC-44AC-9CF9-6CBEAD33EBEC}.Debug|x86.ActiveCfg = Debug|Win32
		{FF364D6F-13AC-44AC-9CF9-6CBEAD33EBEC}.Debug|x86.Build.0 = Debug|Win32
		{FF364D6F-13AC-44AC-9CF9-6CBEAD33EBEC}.Release|x64.ActiveCfg = Release|x64
		{FF364D6F-13AC-44AC-9CF9-6CBEAD33EBEC}.Release|x64.Build.0 = Release|x64
		{FF364D6F-13AC-44AC-9CF9-6CBEAD33EBEC}.Release|x86.ActiveCfg = Release|Win32
		{FF364D6F-13AC-44AC-9CF9-6CBEAD33EBEC}.Release|x86.Build.0 = Release|Win32
		{BFA95524-49B3-4B22-9F1A-5CD7DF4EB2A7}.Debug|x64.ActiveCfg = Debug|x64
		{BFA95524-49B3-4B22-9F1A-5CD7DF4EB2A7}.Debug|x64.Build.0 = Debug|x64
		{BFA95524-49B3-4B22-9F1A-5CD7DF4EB2A7}.Debug|x86.ActiveCfg = Debug|Win32
		{BFA95524-49B3-4B22-9F1A-5CD7DF4EB2A7}.Debug|x86.Build.0 = Debug|Win32
		{BFA95524-49B3-4B22-9F1A-5CD7DF4EB2A7}.Release|x64.ActiveCfg = Release|x64
		{BFA95524-49B3-4B22-9F1A-5CD7DF4EB2A7}.Release|x64.Build.0 = Release|x64
		{BFA95524-49B3-4B22-9F1A-5CD7DF4EB2A7}.Release|x86.ActiveCfg = Release|Win32
		{BFA95524-49B3-4B22-9F1A-5CD7DF4EB2A7}.Release|x86.Build.0 = Release|Win32
	EndGlobalSection
	GlobalSection(SolutionProperties) = preSolution
		HideSolutionNode = FALSE
	EndGlobalSection
	GlobalSection(ExtensibilityGlobals) = postSolution
		SolutionGuid = {00D1A857-7A80-4B1C-8476-EA486F7EE08F}
	EndGlobalSection
EndGlobal
