<?xml version="1.0" encoding="utf-8"?>
<Project ToolsVersion="4.0" xmlns="http://schemas.microsoft.com/developer/msbuild/2003">
  <ItemGroup>
    <Filter Include="Source Files">
      <UniqueIdentifier>{4FC737F1-C7A5-4376-A066-2A32D752A2FF}</UniqueIdentifier>
      <Extensions>cpp;c;cc;cxx;def;odl;idl;hpj;bat;asm;asmx</Extensions>
    </Filter>
    <Filter Include="Header Files">
      <UniqueIdentifier>{93995380-89BD-4b04-88EB-625FBE52EBFB}</UniqueIdentifier>
      <Extensions>h;hh;hpp;hxx;hm;inl;inc;ipp;xsd</Extensions>
    </Filter>
    <Filter Include="Resource Files">
      <UniqueIdentifier>{67DA6AB6-F800-4c08-8B7A-83BB121AAD01}</UniqueIdentifier>
      <Extensions>rc;ico;cur;bmp;dlg;rc2;rct;bin;rgs;gif;jpg;jpeg;jpe;resx;tiff;tif;png;wav;mfcribbon-ms</Extensions>
    </Filter>
    <Filter Include="Source Files\TestHarness">
      <UniqueIdentifier>{b432ca39-342e-4c14-b70d-e57fe9fbcf3e}</UniqueIdentifier>
    </Filter>
    <Filter Include="Header Files\TestHarness">
      <UniqueIdentifier>{647fe855-22b2-4dea-8ef2-223bdfd41e29}</UniqueIdentifier>
    </Filter>
    <Filter Include="Source Files\Test">
      <UniqueIdentifier>{9ea8b8d8-54fd-4d62-9c1c-00cd142e24e7}</UniqueIdentifier>
    </Filter>
    <Filter Include="Header Files\Test">
      <UniqueIdentifier>{82c1aabf-ecef-493e-8d26-117a17cc6ecb}</UniqueIdentifier>
    </Filter>
    <Filter Include="Source Files\Logger">
      <UniqueIdentifier>{0e57cc2a-47a8-4a5c-a9f5-948bcde4dcf4}</UniqueIdentifier>
    </Filter>
    <Filter Include="Header Files\Logger">
      <UniqueIdentifier>{2885c3ec-7e3b-458d-925f-bc9140d34413}</UniqueIdentifier>
    </Filter>
    <Filter Include="Source Files\FunctionList">
      <UniqueIdentifier>{ec4b7811-dd01-4e09-a67e-08b0a03b9b83}</UniqueIdentifier>
    </Filter>
    <Filter Include="Source Files\Executive">
      <UniqueIdentifier>{39462ff4-9ef7-461f-a6a3-51bcdc8ccc25}</UniqueIdentifier>
    </Filter>
    <Filter Include="Source Files\TestDriver">
      <UniqueIdentifier>{09615fa8-a8e3-4db4-8b63-d8b0e44ba0f9}</UniqueIdentifier>
    </Filter>
    <Filter Include="Header Files\TestDriver">
      <UniqueIdentifier>{1286f23f-976f-485d-a857-62182d96e6b4}</UniqueIdentifier>
    </Filter>
  </ItemGroup>
  <ItemGroup>
    <ClInclude Include="TestHarness.h">
      <Filter>Header Files\TestHarness</Filter>
    </ClInclude>
    <ClInclude Include="Logger.h">
      <Filter>Header Files\Logger</Filter>
    </ClInclude>
    <ClInclude Include="TestFunctor.h">
      <Filter>Header Files\Test</Filter>
    </ClInclude>
    <ClInclude Include="AFunctor.h">
      <Filter>Header Files\Test</Filter>
    </ClInclude>
    <ClInclude Include="TestDriver.h">
      <Filter>Header Files\TestDriver</Filter>
    </ClInclude>
    <ClInclude Include="ITest.h">
      <Filter>Header Files\TestDriver</Filter>
    </ClInclude>
  </ItemGroup>
  <ItemGroup>
    <ClCompile Include="TestHarness.cpp">
      <Filter>Source Files\TestHarness</Filter>
    </ClCompile>
    <ClCompile Include="Logger.cpp">
      <Filter>Source Files\Logger</Filter>
    </ClCompile>
    <ClCompile Include="TestFunctor.cpp">
      <Filter>Source Files\Test</Filter>
    </ClCompile>
    <ClCompile Include="AFunctor.cpp">
      <Filter>Source Files\Test</Filter>
    </ClCompile>
    <ClCompile Include="FunctionList.cpp">
      <Filter>Source Files\FunctionList</Filter>
    </ClCompile>
    <ClCompile Include="Main.cpp">
      <Filter>Source Files\Executive</Filter>
    </ClCompile>
    <ClCompile Include="TestDriver.cpp">
      <Filter>Source Files\TestDriver</Filter>
    </ClCompile>
    <ClCompile Include="ITest.cpp">
      <Filter>Source Files\TestDriver</Filter>
    </ClCompile>
  </ItemGroup>
  <ItemGroup>
    <Xml Include="XMLFile.xml" />
  </ItemGroup>
</Project>